
Microsoft Visual Studio Solution File, Format Version 12.00
# Visual Studio Version 18
VisualStudioVersion = 18.1.11312.151 d18.0
MinimumVisualStudioVersion = 10.0.40219.1
Project("{FAE04EC0-301F-11D3-BF4B-00C04F79EFBC}") = "Tests.Wpf", "Tests.Wpf\Tests.Wpf.csproj", "{6B7CA84B-F51D-4C39-A683-E7317AD345DE}"
EndProject
Project("{FAE04EC0-301F-11D3-BF4B-00C04F79EFBC}") = "Tests.CSharp", "Tests.CSharp\Tests.CSharp.csproj", "{6D2FE5FE-8B1C-4246-BD20-902F27948C48}"
EndProject
Global
	GlobalSection(SolutionConfigurationPlatforms) = preSolution
		Debug|Any CPU = Debug|Any CPU
		Release|Any CPU = Release|Any CPU
	EndGlobalSection
	GlobalSection(ProjectConfigurationPlatforms) = postSolution
		{6B7CA84B-F51D-4C39-A683-E7317AD345DE}.Debug|Any CPU.ActiveCfg = Debug|Any CPU
		{6B7CA84B-F51D-4C39-A683-E7317AD345DE}.Debug|Any CPU.Build.0 = Debug|Any CPU
		{6B7CA84B-F51D-4C39-A683-E7317AD345DE}.Release|Any CPU.ActiveCfg = Release|Any CPU
		{6B7CA84B-F51D-4C39-A683-E7317AD345DE}.Release|Any CPU.Build.0 = Release|Any CPU
		{6D2FE5FE-8B1C-4246-BD20-902F27948C48}.Debug|Any CPU.ActiveCfg = Debug|Any CPU
		{6D2FE5FE-8B1C-4246-BD20-902F27948C48}.Debug|Any CPU.Build.0 = Debug|Any CPU
		{6D2FE5FE-8B1C-4246-BD20-902F27948C48}.Release|Any CPU.ActiveCfg = Release|Any CPU
		{6D2FE5FE-8B1C-4246-BD20-902F27948C48}.Release|Any CPU.Build.0 = Release|Any CPU
	EndGlobalSection
	GlobalSection(SolutionProperties) = preSolution
		HideSolutionNode = FALSE
	EndGlobalSection
	GlobalSection(ExtensibilityGlobals) = postSolution
		SolutionGuid = {11928496-8BAF-4930-BFD6-7F0AF6509786}
	EndGlobalSection
EndGlobal
